# Auto-generated by Incan - do not edit manually
# Regenerate with: incan lock

[incan]
format = 2
incan-version = "0.5.1"
deps-fingerprint = "sha256:cfc126f3fd2a07fee4e895596ab203cd3cb2c10f915e0fb0c8fce7454fcd2179"
cargo-features = []
cargo-no-default-features = false
cargo-all-features = false

[semantic.sdk]
identity = "incan@0.5.1"
inventory_digest = "sha256:1b08145be28cbb1df0a23ca49f130e53207b26701c78b03bb3cb18e8b22df5f6"
profile = "default"

[[semantic.sdk.components]]
id = "stdlib-async"
version = "0.5.1"
reason = "profile:default"

[[semantic.sdk.components]]
id = "stdlib-codecs"
version = "0.5.1"
reason = "profile:default"

[[semantic.sdk.components]]
id = "stdlib-compression"
version = "0.5.1"
reason = "profile:default"

[[semantic.sdk.components]]
id = "stdlib-core"
version = "0.5.1"
reason = "mandatory"

[[semantic.sdk.components]]
id = "stdlib-data"
version = "0.5.1"
reason = "profile:default"

[[semantic.sdk.components]]
id = "stdlib-interop"
version = "0.5.1"
reason = "profile:default"

[[semantic.sdk.components]]
id = "stdlib-observability"
version = "0.5.1"
reason = "profile:default"

[[semantic.sdk.components]]
id = "stdlib-system"
version = "0.5.1"
reason = "dependency:stdlib-codecs"

[[semantic.sdk.components]]
id = "stdlib-testing"
version = "0.5.1"
reason = "profile:default"

[[semantic.sdk.components]]
id = "stdlib-web"
version = "0.5.1"
reason = "profile:default"

[[semantic.packages]]
package = "incan_pub"
project_root = ""
active_features = []
active_optional_dependencies = []
required_sdk_components = []

[semantic.packages.dependency_features]

[[semantic.providers]]
identity = "incan_stdlib_async@0.5.0#sha256:12bf50222a2a20a028d1633ff707e6ce81ec0619f552128704faffc1edb59811[]"
participation = "enabled"
namespace_claims = [["std", "async"], ["std", "async", "channel"], ["std", "async", "race"], ["std", "async", "sync"], ["std", "async", "task"], ["std", "async", "time"]]
used_modules = []
implementation_facets = []
backend_requirements = []

[[semantic.providers]]
identity = "incan_stdlib_codecs@0.5.0#sha256:f6e85482cb30930c0bd6195cb04d6befc976dd3c4d2681fd9002993625217d4a[]"
participation = "used"
namespace_claims = [["std", "checksum"], ["std", "encoding"], ["std", "encoding", "_shared"], ["std", "encoding", "base32"], ["std", "encoding", "base58"], ["std", "encoding", "base64"], ["std", "encoding", "base85"], ["std", "encoding", "bech32"], ["std", "encoding", "hex"]]
used_modules = [["std", "encoding"]]
implementation_facets = ["rust_encoding"]
backend_requirements = []

[[semantic.providers]]
identity = "incan_stdlib_compression@0.5.0#sha256:0b101901be2503aff24404d2e29ff6b88a2f1ae4345f16e74e96f1d70bbae216[]"
participation = "enabled"
namespace_claims = [["std", "compression"], ["std", "compression", "_auto"], ["std", "compression", "_core"], ["std", "compression", "bz2"], ["std", "compression", "deflate"], ["std", "compression", "gzip"], ["std", "compression", "lzma"], ["std", "compression", "snappy"], ["std", "compression", "snappy", "raw"], ["std", "compression", "zlib"], ["std", "compression", "zstd"]]
used_modules = []
implementation_facets = []
backend_requirements = []

[[semantic.providers]]
identity = "incan_stdlib_core@0.5.0#sha256:4ebded99dbdcc974c1ef2d5074ec532ce618a8288ad77b5ed74775d344b1f0f4[]"
participation = "used"
namespace_claims = [["std", "capabilities"], ["std", "derives", "collection"], ["std", "derives", "comparison"], ["std", "derives", "copying"], ["std", "derives", "string"], ["std", "prelude"], ["std", "reflection"], ["std", "registry"], ["std", "result"], ["std", "this"], ["std", "traits"], ["std", "traits", "callable"], ["std", "traits", "convert"], ["std", "traits", "error"], ["std", "traits", "indexing"], ["std", "traits", "ops"]]
used_modules = [["std", "prelude"]]
implementation_facets = []
backend_requirements = []

[[semantic.providers]]
identity = "incan_stdlib_data@0.5.0#sha256:54eb5a2a60077e1e128712c8a01a34b72d364bcee181ba519bc811640ceab5d0[]"
participation = "used"
namespace_claims = [["std", "collections"], ["std", "datetime"], ["std", "datetime", "civil"], ["std", "datetime", "civil", "intervals"], ["std", "datetime", "civil", "naive"], ["std", "datetime", "civil", "offset"], ["std", "datetime", "error"], ["std", "datetime", "runtime"], ["std", "graph"], ["std", "hash"], ["std", "hash", "_core"], ["std", "hash", "_streaming"], ["std", "json"], ["std", "math"], ["std", "regex"], ["std", "regex", "_core"], ["std", "regex", "_replacement"], ["std", "regex", "types"], ["std", "serde"], ["std", "serde", "json"], ["std", "uuid"]]
used_modules = [["std", "datetime"], ["std", "hash"], ["std", "json"]]
implementation_facets = ["rust_datetime", "rust_hash", "rust_json"]
backend_requirements = ["cargo-dependency:blake2", "cargo-dependency:blake3", "cargo-dependency:md5", "cargo-dependency:serde", "cargo-dependency:sha1", "cargo-dependency:sha2", "cargo-dependency:sha3", "cargo-dependency:xxhash_rust", "cargo-feature:incan_stdlib/json"]

[[semantic.providers]]
identity = "incan_stdlib_interop@0.5.0#sha256:0a818ad5d17acfcf123f8e58901e836f24bf16488a1eec76a812583fcb0b8d24[]"
participation = "enabled"
namespace_claims = [["std", "interop"]]
used_modules = []
implementation_facets = []
backend_requirements = []

[[semantic.providers]]
identity = "incan_stdlib_observability@0.5.0#sha256:471e2b076728bcd69a5cbd0f87a531857c2c6e1110d3847bb563e4153c5cbb7b[]"
participation = "enabled"
namespace_claims = [["std", "logging"], ["std", "telemetry"], ["std", "telemetry", "core"]]
used_modules = []
implementation_facets = []
backend_requirements = []

[[semantic.providers]]
identity = "incan_stdlib_system@0.5.0#sha256:b872dccf732ba2b183f6b0a8ffef32c38e8b038223fc6d026a51ee4b314914ad[]"
participation = "used"
namespace_claims = [["std", "environ"], ["std", "fs"], ["std", "fs", "file"], ["std", "fs", "glob"], ["std", "fs", "locking"], ["std", "fs", "metadata"], ["std", "fs", "path"], ["std", "io"], ["std", "tempfile"]]
used_modules = [["std", "fs"], ["std", "tempfile"]]
implementation_facets = ["rust_fs", "rust_tempfile"]
backend_requirements = ["cargo-dependency:encoding_rs", "cargo-dependency:rustix", "cargo-dependency:tempfile"]

[[semantic.providers]]
identity = "incan_stdlib_testing@0.5.0#sha256:057ac86b1619bf61b4007d383cbc8b2244ebb7543d4a9317c4c80b7f412bb2a9[]"
participation = "used"
namespace_claims = [["std", "testing"]]
used_modules = [["std", "testing"]]
implementation_facets = ["rust_testing"]
backend_requirements = []

[[semantic.providers]]
identity = "incan_stdlib_web@0.5.0#sha256:96a9a99fdb642aa7a100c8809b117fce3f6da19c9269f714a5479f4193b8ffae[]"
participation = "enabled"
namespace_claims = [["std", "web"], ["std", "web", "app"], ["std", "web", "macros"], ["std", "web", "request"], ["std", "web", "response"], ["std", "web", "routing"]]
used_modules = []
implementation_facets = []
backend_requirements = []

[cargo]
lock = """
version = 4
"""
