# Auto-generated by Incan - do not edit manually
# Regenerate with: incan lock

[incan]
format = 2
incan-version = "0.6.0-dev.6"
deps-fingerprint = "sha256:c7a5231464053f1ac78d8fb2054d2d3d1d0b5a6558f4dfc943d464ec2d521274"
cargo-features = []
cargo-no-default-features = false
cargo-all-features = false

[semantic.sdk]
identity = "incan@0.6.0-dev.6"
inventory_digest = "sha256:80314dbb8b0e3dc9cb363bbecad8338ecca59e03605a00161144351e1730396e"
profile = "default"

[[semantic.sdk.components]]
id = "stdlib-async"
version = "0.6.0-dev.6"
reason = "profile:default"

[[semantic.sdk.components]]
id = "stdlib-codecs"
version = "0.6.0-dev.6"
reason = "profile:default"

[[semantic.sdk.components]]
id = "stdlib-compression"
version = "0.6.0-dev.6"
reason = "profile:default"

[[semantic.sdk.components]]
id = "stdlib-core"
version = "0.6.0-dev.6"
reason = "mandatory"

[[semantic.sdk.components]]
id = "stdlib-data"
version = "0.6.0-dev.6"
reason = "profile:default"

[[semantic.sdk.components]]
id = "stdlib-interop"
version = "0.6.0-dev.6"
reason = "profile:default"

[[semantic.sdk.components]]
id = "stdlib-observability"
version = "0.6.0-dev.6"
reason = "profile:default"

[[semantic.sdk.components]]
id = "stdlib-system"
version = "0.6.0-dev.6"
reason = "dependency:stdlib-codecs"

[[semantic.sdk.components]]
id = "stdlib-testing"
version = "0.6.0-dev.6"
reason = "profile:default"

[[semantic.sdk.components]]
id = "stdlib-web"
version = "0.6.0-dev.6"
reason = "profile:default"

[[semantic.packages]]
package = "incan_pub"
project_root = ""
active_features = []
active_optional_dependencies = []
required_sdk_components = []

[semantic.packages.dependency_features]

[[semantic.providers]]
identity = "incan_stdlib_async@0.5.0#sha256:a50bacb1dc1095db99a2aa9f6270cee10f8a74ab779a2305d6872e13610a2d6e[]"
participation = "enabled"
namespace_claims = [["std", "async"], ["std", "async", "channel"], ["std", "async", "race"], ["std", "async", "sync"], ["std", "async", "task"], ["std", "async", "time"]]
used_modules = []
implementation_facets = []
backend_requirements = []

[[semantic.providers]]
identity = "incan_stdlib_codecs@0.5.0#sha256:890f89d8d26e3dd537004a4ee75a6147959c31f21c06e7c4a60c2a74a85d44e7[]"
participation = "used"
namespace_claims = [["std", "checksum"], ["std", "encoding"], ["std", "encoding", "_shared"], ["std", "encoding", "base32"], ["std", "encoding", "base58"], ["std", "encoding", "base64"], ["std", "encoding", "base85"], ["std", "encoding", "bech32"], ["std", "encoding", "hex"]]
used_modules = [["std", "encoding"]]
implementation_facets = ["rust_encoding"]
backend_requirements = []

[[semantic.providers]]
identity = "incan_stdlib_compression@0.5.0#sha256:beae12bc4aa704f2c7597b5db45f3c989fa267cad648b0a0a9888f59f89b1f9b[]"
participation = "used"
namespace_claims = [["std", "compression"], ["std", "compression", "_auto"], ["std", "compression", "_core"], ["std", "compression", "bz2"], ["std", "compression", "deflate"], ["std", "compression", "gzip"], ["std", "compression", "lzma"], ["std", "compression", "snappy"], ["std", "compression", "snappy", "raw"], ["std", "compression", "zlib"], ["std", "compression", "zstd"]]
used_modules = [["std", "compression"]]
implementation_facets = ["rust_compression"]
backend_requirements = ["cargo-dependency:bzip2", "cargo-dependency:flate2", "cargo-dependency:snap", "cargo-dependency:xz2", "cargo-dependency:zstd"]

[[semantic.providers]]
identity = "incan_stdlib_core@0.5.0#sha256:865252d3b133b8ad3871e5daee19f54a4fa3a7b4d9e5e0a314086aed0a2a3945[]"
participation = "used"
namespace_claims = [["std", "derives", "collection"], ["std", "derives", "comparison"], ["std", "derives", "copying"], ["std", "derives", "string"], ["std", "features"], ["std", "prelude"], ["std", "reflection"], ["std", "registry"], ["std", "result"], ["std", "runtime"], ["std", "runtime", "host"], ["std", "runtime", "host", "clock"], ["std", "runtime", "host", "env"], ["std", "runtime", "host", "fs"], ["std", "runtime", "host", "http"], ["std", "runtime", "host", "model"], ["std", "runtime", "host", "process"], ["std", "runtime", "host", "tool"], ["std", "this"], ["std", "traits"], ["std", "traits", "callable"], ["std", "traits", "convert"], ["std", "traits", "error"], ["std", "traits", "indexing"], ["std", "traits", "ops"]]
used_modules = [["std", "prelude"]]
implementation_facets = []
backend_requirements = []

[[semantic.providers]]
identity = "incan_stdlib_data@0.5.0#sha256:2abab3d8a8dcd74bf7248682668a3d3f11a667cb5df493cc9174b4ccd63e56f4[]"
participation = "used"
namespace_claims = [["std", "collections"], ["std", "datetime"], ["std", "datetime", "civil"], ["std", "datetime", "civil", "intervals"], ["std", "datetime", "civil", "naive"], ["std", "datetime", "civil", "offset"], ["std", "datetime", "error"], ["std", "datetime", "runtime"], ["std", "graph"], ["std", "hash"], ["std", "hash", "_core"], ["std", "hash", "_hmac"], ["std", "hash", "_streaming"], ["std", "json"], ["std", "math"], ["std", "regex"], ["std", "regex", "_core"], ["std", "regex", "_replacement"], ["std", "regex", "types"], ["std", "serde"], ["std", "serde", "json"], ["std", "toml"], ["std", "uuid"]]
used_modules = [["std", "datetime"], ["std", "hash"], ["std", "json"], ["std", "toml"]]
implementation_facets = ["rust_datetime", "rust_hash", "rust_json", "rust_toml"]
backend_requirements = ["cargo-dependency:blake2", "cargo-dependency:blake3", "cargo-dependency:hmac", "cargo-dependency:incan_std_data", "cargo-dependency:md5", "cargo-dependency:serde", "cargo-dependency:serde_path_to_error", "cargo-dependency:sha1", "cargo-dependency:sha2", "cargo-dependency:sha3", "cargo-dependency:toml", "cargo-dependency:toml_edit", "cargo-dependency:xxhash_rust"]

[[semantic.providers]]
identity = "incan_stdlib_interop@0.5.0#sha256:9b9bad6cd4b15308a55fb9b19ac0605197ef87c3307739f23487f8d61d347cf4[]"
participation = "enabled"
namespace_claims = [["std", "interop"]]
used_modules = []
implementation_facets = []
backend_requirements = []

[[semantic.providers]]
identity = "incan_stdlib_observability@0.5.0#sha256:8e0f8b510dfa148e79de8f9988db1338b778bd5d9d2f2f344c1f285157a8743a[]"
participation = "enabled"
namespace_claims = [["std", "logging"], ["std", "telemetry"], ["std", "telemetry", "core"]]
used_modules = []
implementation_facets = []
backend_requirements = []

[[semantic.providers]]
identity = "incan_stdlib_system@0.5.0#sha256:0dc25dae0bec17293e6012f6e56a936ebf9a83bed7d9783fa396255918c08c4f[]"
participation = "used"
namespace_claims = [["std", "environ"], ["std", "fs"], ["std", "fs", "file"], ["std", "fs", "glob"], ["std", "fs", "locking"], ["std", "fs", "metadata"], ["std", "fs", "path"], ["std", "io"], ["std", "tempfile"]]
used_modules = [["std", "fs"], ["std", "io"], ["std", "tempfile"]]
implementation_facets = ["rust_fs", "rust_io", "rust_tempfile"]
backend_requirements = ["cargo-dependency:byteorder", "cargo-dependency:encoding_rs", "cargo-dependency:rustix", "cargo-dependency:tempfile"]

[[semantic.providers]]
identity = "incan_stdlib_testing@0.5.0#sha256:b34cb1cd306d37513f535076ccbc237fc650fa74bca30c8e72f3a1a2fb3f3159[]"
participation = "used"
namespace_claims = [["std", "testing"]]
used_modules = [["std", "testing"]]
implementation_facets = ["rust_testing"]
backend_requirements = ["cargo-dependency:incan_std_testing"]

[[semantic.providers]]
identity = "incan_stdlib_web@0.5.0#sha256:cf98e3cb382ab4148895dcced084dbddbaeb4057cb28893212f247bbbfd62e3d[]"
participation = "enabled"
namespace_claims = [["std", "web"], ["std", "web", "app"], ["std", "web", "macros"], ["std", "web", "request"], ["std", "web", "response"], ["std", "web", "routing"]]
used_modules = []
implementation_facets = []
backend_requirements = []

[cargo]
lock = """
version = 4
"""
